
Microsoft Visual Studio Solution File, Format Version 12.00
# Visual Studio Version 17
VisualStudioVersion = 17.0.32112.339
MinimumVisualStudioVersion = 10.0.40219.1
Project("{FAE04EC0-301F-11D3-BF4B-00C04F79EFBC}") = "ResilienceWithPollyCompleteGuide", "ResilienceWithPollyCompleteGuide\ResilienceWithPollyCompleteGuide.csproj", "{581B00C3-941F-418B-88F8-43019334B246}"
EndProject
Global
	GlobalSection(SolutionConfigurationPlatforms) = preSolution
		Debug|Any CPU = Debug|Any CPU
		Release|Any CPU = Release|Any CPU
	EndGlobalSection
	GlobalSection(ProjectConfigurationPlatforms) = postSolution
		{581B00C3-941F-418B-88F8-43019334B246}.Debug|Any CPU.ActiveCfg = Debug|Any CPU
		{581B00C3-941F-418B-88F8-43019334B246}.Debug|Any CPU.Build.0 = Debug|Any CPU
		{581B00C3-941F-418B-88F8-43019334B246}.Release|Any CPU.ActiveCfg = Release|Any CPU
		{581B00C3-941F-418B-88F8-43019334B246}.Release|Any CPU.Build.0 = Release|Any CPU
	EndGlobalSection
	GlobalSection(SolutionProperties) = preSolution
		HideSolutionNode = FALSE
	EndGlobalSection
	GlobalSection(ExtensibilityGlobals) = postSolution
		SolutionGuid = {92F30A16-B401-46F1-9A71-E8C5B5233790}
	EndGlobalSection
EndGlobal
